// !$*UTF8*$!
{
	archiveVersion = 1;
	classes = {
	};
	objectVersion = 55;
	objects = {

/* Begin PBXBuildFile section */
		634C486427F735A300223099 /* PostDataView.swift in Sources */ = {isa = PBXBuildFile; fileRef = 634C486327F735A300223099 /* PostDataView.swift */; };
		636D719428972A2400354E89 /* MoreCommentView.swift in Sources */ = {isa = PBXBuildFile; fileRef = 636D719328972A2400354E89 /* MoreCommentView.swift */; };
		636D719628972A5800354E89 /* CommentCell.swift in Sources */ = {isa = PBXBuildFile; fileRef = 636D719528972A5800354E89 /* CommentCell.swift */; };
		63A039822896800100B0C568 /* MoreComment.swift in Sources */ = {isa = PBXBuildFile; fileRef = 63A039812896800100B0C568 /* MoreComment.swift */; };
		63A039842896801C00B0C568 /* RedditObjects.swift in Sources */ = {isa = PBXBuildFile; fileRef = 63A039832896801C00B0C568 /* RedditObjects.swift */; };
		63E1D19A281ECA4E006177B8 /* CachedAsyncImage in Frameworks */ = {isa = PBXBuildFile; productRef = 63E1D199281ECA4E006177B8 /* CachedAsyncImage */; };
		63E1D19C281ECF9D006177B8 /* PostCellView.swift in Sources */ = {isa = PBXBuildFile; fileRef = 63E1D19B281ECF9D006177B8 /* PostCellView.swift */; };
		63EA7A3C288748E5007A6263 /* CommentView.swift in Sources */ = {isa = PBXBuildFile; fileRef = 63EA7A3B288748E5007A6263 /* CommentView.swift */; };
		63EBEECE27E6486900DB018D /* RedditExplorerApp.swift in Sources */ = {isa = PBXBuildFile; fileRef = 63EBEECD27E6486900DB018D /* RedditExplorerApp.swift */; };
		63EBEED027E6486900DB018D /* PostListPage.swift in Sources */ = {isa = PBXBuildFile; fileRef = 63EBEECF27E6486900DB018D /* PostListPage.swift */; };
		63EBEED227E6486C00DB018D /* Assets.xcassets in Resources */ = {isa = PBXBuildFile; fileRef = 63EBEED127E6486C00DB018D /* Assets.xcassets */; };
		63EBEED527E6486C00DB018D /* Preview Assets.xcassets in Resources */ = {isa = PBXBuildFile; fileRef = 63EBEED427E6486C00DB018D /* Preview Assets.xcassets */; };
		63EBEEDF27E6486C00DB018D /* RedditExplorerTests.swift in Sources */ = {isa = PBXBuildFile; fileRef = 63EBEEDE27E6486C00DB018D /* RedditExplorerTests.swift */; };
		63EBEF0227E7034A00DB018D /* RedditAPI.swift in Sources */ = {isa = PBXBuildFile; fileRef = 63EBEF0127E7034A00DB018D /* RedditAPI.swift */; };
		63EBEF0827E763EC00DB018D /* SortBy.swift in Sources */ = {isa = PBXBuildFile; fileRef = 63EBEF0427E763EC00DB018D /* SortBy.swift */; };
		63EBEF0927E763EC00DB018D /* Comment.swift in Sources */ = {isa = PBXBuildFile; fileRef = 63EBEF0527E763EC00DB018D /* Comment.swift */; };
		63EBEF0A27E763EC00DB018D /* Post.swift in Sources */ = {isa = PBXBuildFile; fileRef = 63EBEF0627E763EC00DB018D /* Post.swift */; };
		63EBEF0B27E763EC00DB018D /* Listing.swift in Sources */ = {isa = PBXBuildFile; fileRef = 63EBEF0727E763EC00DB018D /* Listing.swift */; };
		63ED944E2810196800061A22 /* PostViewPage.swift in Sources */ = {isa = PBXBuildFile; fileRef = 63ED944D2810196800061A22 /* PostViewPage.swift */; };
		63ED94522816BCD300061A22 /* Time.swift in Sources */ = {isa = PBXBuildFile; fileRef = 63ED94512816BCD300061A22 /* Time.swift */; };
		63ED94542816C11400061A22 /* PostHeaderView.swift in Sources */ = {isa = PBXBuildFile; fileRef = 63ED94532816C11400061A22 /* PostHeaderView.swift */; };
/* End PBXBuildFile section */

/* Begin PBXContainerItemProxy section */
		63EBEEDB27E6486C00DB018D /* PBXContainerItemProxy */ = {
			isa = PBXContainerItemProxy;
			containerPortal = 63EBEEC227E6486900DB018D /* Project object */;
			proxyType = 1;
			remoteGlobalIDString = 63EBEEC927E6486900DB018D;
			remoteInfo = RedditExplorer;
		};
/* End PBXContainerItemProxy section */

/* Begin PBXFileReference section */
		634C486327F735A300223099 /* PostDataView.swift */ = {isa = PBXFileReference; fileEncoding = 4; lastKnownFileType = sourcecode.swift; path = PostDataView.swift; sourceTree = "<group>"; };
		636D719328972A2400354E89 /* MoreCommentView.swift */ = {isa = PBXFileReference; lastKnownFileType = sourcecode.swift; path = MoreCommentView.swift; sourceTree = "<group>"; };
		636D719528972A5800354E89 /* CommentCell.swift */ = {isa = PBXFileReference; lastKnownFileType = sourcecode.swift; path = CommentCell.swift; sourceTree = "<group>"; };
		63A039812896800100B0C568 /* MoreComment.swift */ = {isa = PBXFileReference; lastKnownFileType = sourcecode.swift; path = MoreComment.swift; sourceTree = "<group>"; };
		63A039832896801C00B0C568 /* RedditObjects.swift */ = {isa = PBXFileReference; lastKnownFileType = sourcecode.swift; path = RedditObjects.swift; sourceTree = "<group>"; };
		63E1D19B281ECF9D006177B8 /* PostCellView.swift */ = {isa = PBXFileReference; lastKnownFileType = sourcecode.swift; path = PostCellView.swift; sourceTree = "<group>"; };
		63EA7A3B288748E5007A6263 /* CommentView.swift */ = {isa = PBXFileReference; lastKnownFileType = sourcecode.swift; path = CommentView.swift; sourceTree = "<group>"; };
		63EBEECA27E6486900DB018D /* RedditExplorer.app */ = {isa = PBXFileReference; explicitFileType = wrapper.application; includeInIndex = 0; path = RedditExplorer.app; sourceTree = BUILT_PRODUCTS_DIR; };
		63EBEECD27E6486900DB018D /* RedditExplorerApp.swift */ = {isa = PBXFileReference; lastKnownFileType = sourcecode.swift; path = RedditExplorerApp.swift; sourceTree = "<group>"; };
		63EBEECF27E6486900DB018D /* PostListPage.swift */ = {isa = PBXFileReference; lastKnownFileType = sourcecode.swift; path = PostListPage.swift; sourceTree = "<group>"; };
		63EBEED127E6486C00DB018D /* Assets.xcassets */ = {isa = PBXFileReference; lastKnownFileType = folder.assetcatalog; path = Assets.xcassets; sourceTree = "<group>"; };
		63EBEED427E6486C00DB018D /* Preview Assets.xcassets */ = {isa = PBXFileReference; lastKnownFileType = folder.assetcatalog; path = "Preview Assets.xcassets"; sourceTree = "<group>"; };
		63EBEEDA27E6486C00DB018D /* RedditExplorerTests.xctest */ = {isa = PBXFileReference; explicitFileType = wrapper.cfbundle; includeInIndex = 0; path = RedditExplorerTests.xctest; sourceTree = BUILT_PRODUCTS_DIR; };
		63EBEEDE27E6486C00DB018D /* RedditExplorerTests.swift */ = {isa = PBXFileReference; lastKnownFileType = sourcecode.swift; path = RedditExplorerTests.swift; sourceTree = "<group>"; };
		63EBEF0127E7034A00DB018D /* RedditAPI.swift */ = {isa = PBXFileReference; lastKnownFileType = sourcecode.swift; path = RedditAPI.swift; sourceTree = "<group>"; };
		63EBEF0427E763EC00DB018D /* SortBy.swift */ = {isa = PBXFileReference; fileEncoding = 4; lastKnownFileType = sourcecode.swift; path = SortBy.swift; sourceTree = "<group>"; };
		63EBEF0527E763EC00DB018D /* Comment.swift */ = {isa = PBXFileReference; fileEncoding = 4; lastKnownFileType = sourcecode.swift; path = Comment.swift; sourceTree = "<group>"; };
		63EBEF0627E763EC00DB018D /* Post.swift */ = {isa = PBXFileReference; fileEncoding = 4; lastKnownFileType = sourcecode.swift; path = Post.swift; sourceTree = "<group>"; };
		63EBEF0727E763EC00DB018D /* Listing.swift */ = {isa = PBXFileReference; fileEncoding = 4; lastKnownFileType = sourcecode.swift; path = Listing.swift; sourceTree = "<group>"; };
		63ED944D2810196800061A22 /* PostViewPage.swift */ = {isa = PBXFileReference; lastKnownFileType = sourcecode.swift; path = PostViewPage.swift; sourceTree = "<group>"; };
		63ED94512816BCD300061A22 /* Time.swift */ = {isa = PBXFileReference; lastKnownFileType = sourcecode.swift; path = Time.swift; sourceTree = "<group>"; };
		63ED94532816C11400061A22 /* PostHeaderView.swift */ = {isa = PBXFileReference; lastKnownFileType = sourcecode.swift; path = PostHeaderView.swift; sourceTree = "<group>"; };
/* End PBXFileReference section */

/* Begin PBXFrameworksBuildPhase section */
		63EBEEC727E6486900DB018D /* Frameworks */ = {
			isa = PBXFrameworksBuildPhase;
			buildActionMask = 2147483647;
			files = (
				63E1D19A281ECA4E006177B8 /* CachedAsyncImage in Frameworks */,
			);
			runOnlyForDeploymentPostprocessing = 0;
		};
		63EBEED727E6486C00DB018D /* Frameworks */ = {
			isa = PBXFrameworksBuildPhase;
			buildActionMask = 2147483647;
			files = (
			);
			runOnlyForDeploymentPostprocessing = 0;
		};
/* End PBXFrameworksBuildPhase section */

/* Begin PBXGroup section */
		6361A37227F7334900104617 /* Views */ = {
			isa = PBXGroup;
			children = (
				63E1D19B281ECF9D006177B8 /* PostCellView.swift */,
				63ED94532816C11400061A22 /* PostHeaderView.swift */,
				634C486327F735A300223099 /* PostDataView.swift */,
				636D719728972A7200354E89 /* Comment */,
			);
			path = Views;
			sourceTree = "<group>";
		};
		636D719728972A7200354E89 /* Comment */ = {
			isa = PBXGroup;
			children = (
				636D719528972A5800354E89 /* CommentCell.swift */,
				63EA7A3B288748E5007A6263 /* CommentView.swift */,
				636D719328972A2400354E89 /* MoreCommentView.swift */,
			);
			path = Comment;
			sourceTree = "<group>";
		};
		63EBEEC127E6486900DB018D = {
			isa = PBXGroup;
			children = (
				63EBEECC27E6486900DB018D /* RedditExplorer */,
				63EBEEDD27E6486C00DB018D /* RedditExplorerTests */,
				63EBEECB27E6486900DB018D /* Products */,
			);
			sourceTree = "<group>";
		};
		63EBEECB27E6486900DB018D /* Products */ = {
			isa = PBXGroup;
			children = (
				63EBEECA27E6486900DB018D /* RedditExplorer.app */,
				63EBEEDA27E6486C00DB018D /* RedditExplorerTests.xctest */,
			);
			name = Products;
			sourceTree = "<group>";
		};
		63EBEECC27E6486900DB018D /* RedditExplorer */ = {
			isa = PBXGroup;
			children = (
				63EBEECD27E6486900DB018D /* RedditExplorerApp.swift */,
				63ED944F28101BD000061A22 /* Pages */,
				6361A37227F7334900104617 /* Views */,
				63EBEF0327E763EC00DB018D /* Models */,
				63EBEEF727E64AE300DB018D /* Networking */,
				63ED94502816BCC000061A22 /* Utils */,
				63EBEED127E6486C00DB018D /* Assets.xcassets */,
				63EBEED327E6486C00DB018D /* Preview Content */,
			);
			path = RedditExplorer;
			sourceTree = "<group>";
		};
		63EBEED327E6486C00DB018D /* Preview Content */ = {
			isa = PBXGroup;
			children = (
				63EBEED427E6486C00DB018D /* Preview Assets.xcassets */,
			);
			path = "Preview Content";
			sourceTree = "<group>";
		};
		63EBEEDD27E6486C00DB018D /* RedditExplorerTests */ = {
			isa = PBXGroup;
			children = (
				63EBEEDE27E6486C00DB018D /* RedditExplorerTests.swift */,
			);
			path = RedditExplorerTests;
			sourceTree = "<group>";
		};
		63EBEEF727E64AE300DB018D /* Networking */ = {
			isa = PBXGroup;
			children = (
				63EBEF0127E7034A00DB018D /* RedditAPI.swift */,
			);
			path = Networking;
			sourceTree = "<group>";
		};
		63EBEF0327E763EC00DB018D /* Models */ = {
			isa = PBXGroup;
			children = (
				63A039832896801C00B0C568 /* RedditObjects.swift */,
				63EBEF0727E763EC00DB018D /* Listing.swift */,
				63EBEF0627E763EC00DB018D /* Post.swift */,
				63EBEF0527E763EC00DB018D /* Comment.swift */,
				63A039812896800100B0C568 /* MoreComment.swift */,
				63EBEF0427E763EC00DB018D /* SortBy.swift */,
			);
			path = Models;
			sourceTree = "<group>";
		};
		63ED944F28101BD000061A22 /* Pages */ = {
			isa = PBXGroup;
			children = (
				63EBEECF27E6486900DB018D /* PostListPage.swift */,
				63ED944D2810196800061A22 /* PostViewPage.swift */,
			);
			path = Pages;
			sourceTree = "<group>";
		};
		63ED94502816BCC000061A22 /* Utils */ = {
			isa = PBXGroup;
			children = (
				63ED94512816BCD300061A22 /* Time.swift */,
			);
			path = Utils;
			sourceTree = "<group>";
		};
/* End PBXGroup section */

/* Begin PBXNativeTarget section */
		63EBEEC927E6486900DB018D /* RedditExplorer */ = {
			isa = PBXNativeTarget;
			buildConfigurationList = 63EBEEEE27E6486C00DB018D /* Build configuration list for PBXNativeTarget "RedditExplorer" */;
			buildPhases = (
				63EBEEC627E6486900DB018D /* Sources */,
				63EBEEC727E6486900DB018D /* Frameworks */,
				63EBEEC827E6486900DB018D /* Resources */,
			);
			buildRules = (
			);
			dependencies = (
			);
			name = RedditExplorer;
			packageProductDependencies = (
				63E1D199281ECA4E006177B8 /* CachedAsyncImage */,
			);
			productName = RedditExplorer;
			productReference = 63EBEECA27E6486900DB018D /* RedditExplorer.app */;
			productType = "com.apple.product-type.application";
		};
		63EBEED927E6486C00DB018D /* RedditExplorerTests */ = {
			isa = PBXNativeTarget;
			buildConfigurationList = 63EBEEF127E6486C00DB018D /* Build configuration list for PBXNativeTarget "RedditExplorerTests" */;
			buildPhases = (
				63EBEED627E6486C00DB018D /* Sources */,
				63EBEED727E6486C00DB018D /* Frameworks */,
				63EBEED827E6486C00DB018D /* Resources */,
			);
			buildRules = (
			);
			dependencies = (
				63EBEEDC27E6486C00DB018D /* PBXTargetDependency */,
			);
			name = RedditExplorerTests;
			productName = RedditExplorerTests;
			productReference = 63EBEEDA27E6486C00DB018D /* RedditExplorerTests.xctest */;
			productType = "com.apple.product-type.bundle.unit-test";
		};
/* End PBXNativeTarget section */

/* Begin PBXProject section */
		63EBEEC227E6486900DB018D /* Project object */ = {
			isa = PBXProject;
			attributes = {
				BuildIndependentTargetsInParallel = 1;
				LastSwiftUpdateCheck = 1310;
				LastUpgradeCheck = 1310;
				TargetAttributes = {
					63EBEEC927E6486900DB018D = {
						CreatedOnToolsVersion = 13.1;
					};
					63EBEED927E6486C00DB018D = {
						CreatedOnToolsVersion = 13.1;
						TestTargetID = 63EBEEC927E6486900DB018D;
					};
				};
			};
			buildConfigurationList = 63EBEEC527E6486900DB018D /* Build configuration list for PBXProject "RedditExplorer" */;
			compatibilityVersion = "Xcode 13.0";
			developmentRegion = en;
			hasScannedForEncodings = 0;
			knownRegions = (
				en,
				Base,
			);
			mainGroup = 63EBEEC127E6486900DB018D;
			packageReferences = (
				63E1D198281ECA4E006177B8 /* XCRemoteSwiftPackageReference "swiftui-cached-async-image" */,
			);
			productRefGroup = 63EBEECB27E6486900DB018D /* Products */;
			projectDirPath = "";
			projectRoot = "";
			targets = (
				63EBEEC927E6486900DB018D /* RedditExplorer */,
				63EBEED927E6486C00DB018D /* RedditExplorerTests */,
			);
		};
/* End PBXProject section */

/* Begin PBXResourcesBuildPhase section */
		63EBEEC827E6486900DB018D /* Resources */ = {
			isa = PBXResourcesBuildPhase;
			buildActionMask = 2147483647;
			files = (
				63EBEED527E6486C00DB018D /* Preview Assets.xcassets in Resources */,
				63EBEED227E6486C00DB018D /* Assets.xcassets in Resources */,
			);
			runOnlyForDeploymentPostprocessing = 0;
		};
		63EBEED827E6486C00DB018D /* Resources */ = {
			isa = PBXResourcesBuildPhase;
			buildActionMask = 2147483647;
			files = (
			);
			runOnlyForDeploymentPostprocessing = 0;
		};
/* End PBXResourcesBuildPhase section */

/* Begin PBXSourcesBuildPhase section */
		63EBEEC627E6486900DB018D /* Sources */ = {
			isa = PBXSourcesBuildPhase;
			buildActionMask = 2147483647;
			files = (
				634C486427F735A300223099 /* PostDataView.swift in Sources */,
				636D719428972A2400354E89 /* MoreCommentView.swift in Sources */,
				63EA7A3C288748E5007A6263 /* CommentView.swift in Sources */,
				63EBEF0927E763EC00DB018D /* Comment.swift in Sources */,
				63ED94522816BCD300061A22 /* Time.swift in Sources */,
				63ED94542816C11400061A22 /* PostHeaderView.swift in Sources */,
				63EBEF0B27E763EC00DB018D /* Listing.swift in Sources */,
				63EBEED027E6486900DB018D /* PostListPage.swift in Sources */,
				63EBEECE27E6486900DB018D /* RedditExplorerApp.swift in Sources */,
				636D719628972A5800354E89 /* CommentCell.swift in Sources */,
				63A039842896801C00B0C568 /* RedditObjects.swift in Sources */,
				63A039822896800100B0C568 /* MoreComment.swift in Sources */,
				63EBEF0A27E763EC00DB018D /* Post.swift in Sources */,
				63EBEF0827E763EC00DB018D /* SortBy.swift in Sources */,
				63ED944E2810196800061A22 /* PostViewPage.swift in Sources */,
				63E1D19C281ECF9D006177B8 /* PostCellView.swift in Sources */,
				63EBEF0227E7034A00DB018D /* RedditAPI.swift in Sources */,
			);
			runOnlyForDeploymentPostprocessing = 0;
		};
		63EBEED627E6486C00DB018D /* Sources */ = {
			isa = PBXSourcesBuildPhase;
			buildActionMask = 2147483647;
			files = (
				63EBEEDF27E6486C00DB018D /* RedditExplorerTests.swift in Sources */,
			);
			runOnlyForDeploymentPostprocessing = 0;
		};
/* End PBXSourcesBuildPhase section */

/* Begin PBXTargetDependency section */
		63EBEEDC27E6486C00DB018D /* PBXTargetDependency */ = {
			isa = PBXTargetDependency;
			target = 63EBEEC927E6486900DB018D /* RedditExplorer */;
			targetProxy = 63EBEEDB27E6486C00DB018D /* PBXContainerItemProxy */;
		};
/* End PBXTargetDependency section */

/* Begin XCBuildConfiguration section */
		63EBEEEC27E6486C00DB018D /* Debug */ = {
			isa = XCBuildConfiguration;
			buildSettings = {
				ALWAYS_SEARCH_USER_PATHS = NO;
				CLANG_ANALYZER_NONNULL = YES;
				CLANG_ANALYZER_NUMBER_OBJECT_CONVERSION = YES_AGGRESSIVE;
				CLANG_CXX_LANGUAGE_STANDARD = "gnu++17";
				CLANG_CXX_LIBRARY = "libc++";
				CLANG_ENABLE_MODULES = YES;
				CLANG_ENABLE_OBJC_ARC = YES;
				CLANG_ENABLE_OBJC_WEAK = YES;
				CLANG_WARN_BLOCK_CAPTURE_AUTORELEASING = YES;
				CLANG_WARN_BOOL_CONVERSION = YES;
				CLANG_WARN_COMMA = YES;
				CLANG_WARN_CONSTANT_CONVERSION = YES;
				CLANG_WARN_DEPRECATED_OBJC_IMPLEMENTATIONS = YES;
				CLANG_WARN_DIRECT_OBJC_ISA_USAGE = YES_ERROR;
				CLANG_WARN_DOCUMENTATION_COMMENTS = YES;
				CLANG_WARN_EMPTY_BODY = YES;
				CLANG_WARN_ENUM_CONVERSION = YES;
				CLANG_WARN_INFINITE_RECURSION = YES;
				CLANG_WARN_INT_CONVERSION = YES;
				CLANG_WARN_NON_LITERAL_NULL_CONVERSION = YES;
				CLANG_WARN_OBJC_IMPLICIT_RETAIN_SELF = YES;
				CLANG_WARN_OBJC_LITERAL_CONVERSION = YES;
				CLANG_WARN_OBJC_ROOT_CLASS = YES_ERROR;
				CLANG_WARN_QUOTED_INCLUDE_IN_FRAMEWORK_HEADER = YES;
				CLANG_WARN_RANGE_LOOP_ANALYSIS = YES;
				CLANG_WARN_STRICT_PROTOTYPES = YES;
				CLANG_WARN_SUSPICIOUS_MOVE = YES;
				CLANG_WARN_UNGUARDED_AVAILABILITY = YES_AGGRESSIVE;
				CLANG_WARN_UNREACHABLE_CODE = YES;
				CLANG_WARN__DUPLICATE_METHOD_MATCH = YES;
				COPY_PHASE_STRIP = NO;
				DEBUG_INFORMATION_FORMAT = dwarf;
				ENABLE_STRICT_OBJC_MSGSEND = YES;
				ENABLE_TESTABILITY = YES;
				GCC_C_LANGUAGE_STANDARD = gnu11;
				GCC_DYNAMIC_NO_PIC = NO;
				GCC_NO_COMMON_BLOCKS = YES;
				GCC_OPTIMIZATION_LEVEL = 0;
				GCC_PREPROCESSOR_DEFINITIONS = (
					"DEBUG=1",
					"$(inherited)",
				);
				GCC_WARN_64_TO_32_BIT_CONVERSION = YES;
				GCC_WARN_ABOUT_RETURN_TYPE = YES_ERROR;
				GCC_WARN_UNDECLARED_SELECTOR = YES;
				GCC_WARN_UNINITIALIZED_AUTOS = YES_AGGRESSIVE;
				GCC_WARN_UNUSED_FUNCTION = YES;
				GCC_WARN_UNUSED_VARIABLE = YES;
				IPHONEOS_DEPLOYMENT_TARGET = 15.0;
				MTL_ENABLE_DEBUG_INFO = INCLUDE_SOURCE;
				MTL_FAST_MATH = YES;
				ONLY_ACTIVE_ARCH = YES;
				SDKROOT = iphoneos;
				SWIFT_ACTIVE_COMPILATION_CONDITIONS = DEBUG;
				SWIFT_OPTIMIZATION_LEVEL = "-Onone";
			};
			name = Debug;
		};
		63EBEEED27E6486C00DB018D /* Release */ = {
			isa = XCBuildConfiguration;
			buildSettings = {
				ALWAYS_SEARCH_USER_PATHS = NO;
				CLANG_ANALYZER_NONNULL = YES;
				CLANG_ANALYZER_NUMBER_OBJECT_CONVERSION = YES_AGGRESSIVE;
				CLANG_CXX_LANGUAGE_STANDARD = "gnu++17";
				CLANG_CXX_LIBRARY = "libc++";
				CLANG_ENABLE_MODULES = YES;
				CLANG_ENABLE_OBJC_ARC = YES;
				CLANG_ENABLE_OBJC_WEAK = YES;
				CLANG_WARN_BLOCK_CAPTURE_AUTORELEASING = YES;
				CLANG_WARN_BOOL_CONVERSION = YES;
				CLANG_WARN_COMMA = YES;
				CLANG_WARN_CONSTANT_CONVERSION = YES;
				CLANG_WARN_DEPRECATED_OBJC_IMPLEMENTATIONS = YES;
				CLANG_WARN_DIRECT_OBJC_ISA_USAGE = YES_ERROR;
				CLANG_WARN_DOCUMENTATION_COMMENTS = YES;
				CLANG_WARN_EMPTY_BODY = YES;
				CLANG_WARN_ENUM_CONVERSION = YES;
				CLANG_WARN_INFINITE_RECURSION = YES;
				CLANG_WARN_INT_CONVERSION = YES;
				CLANG_WARN_NON_LITERAL_NULL_CONVERSION = YES;
				CLANG_WARN_OBJC_IMPLICIT_RETAIN_SELF = YES;
				CLANG_WARN_OBJC_LITERAL_CONVERSION = YES;
				CLANG_WARN_OBJC_ROOT_CLASS = YES_ERROR;
				CLANG_WARN_QUOTED_INCLUDE_IN_FRAMEWORK_HEADER = YES;
				CLANG_WARN_RANGE_LOOP_ANALYSIS = YES;
				CLANG_WARN_STRICT_PROTOTYPES = YES;
				CLANG_WARN_SUSPICIOUS_MOVE = YES;
				CLANG_WARN_UNGUARDED_AVAILABILITY = YES_AGGRESSIVE;
				CLANG_WARN_UNREACHABLE_CODE = YES;
				CLANG_WARN__DUPLICATE_METHOD_MATCH = YES;
				COPY_PHASE_STRIP = NO;
				DEBUG_INFORMATION_FORMAT = "dwarf-with-dsym";
				ENABLE_NS_ASSERTIONS = NO;
				ENABLE_STRICT_OBJC_MSGSEND = YES;
				GCC_C_LANGUAGE_STANDARD = gnu11;
				GCC_NO_COMMON_BLOCKS = YES;
				GCC_WARN_64_TO_32_BIT_CONVERSION = YES;
				GCC_WARN_ABOUT_RETURN_TYPE = YES_ERROR;
				GCC_WARN_UNDECLARED_SELECTOR = YES;
				GCC_WARN_UNINITIALIZED_AUTOS = YES_AGGRESSIVE;
				GCC_WARN_UNUSED_FUNCTION = YES;
				GCC_WARN_UNUSED_VARIABLE = YES;
				IPHONEOS_DEPLOYMENT_TARGET = 15.0;
				MTL_ENABLE_DEBUG_INFO = NO;
				MTL_FAST_MATH = YES;
				SDKROOT = iphoneos;
				SWIFT_COMPILATION_MODE = wholemodule;
				SWIFT_OPTIMIZATION_LEVEL = "-O";
				VALIDATE_PRODUCT = YES;
			};
			name = Release;
		};
		63EBEEEF27E6486C00DB018D /* Debug */ = {
			isa = XCBuildConfiguration;
			buildSettings = {
				ASSETCATALOG_COMPILER_APPICON_NAME = AppIcon;
				ASSETCATALOG_COMPILER_GLOBAL_ACCENT_COLOR_NAME = AccentColor;
				CODE_SIGN_STYLE = Automatic;
				CURRENT_PROJECT_VERSION = 1;
				DEVELOPMENT_ASSET_PATHS = "\"RedditExplorer/Preview Content\"";
				DEVELOPMENT_TEAM = G935RBQ4K6;
				ENABLE_PREVIEWS = YES;
				GENERATE_INFOPLIST_FILE = YES;
				INFOPLIST_KEY_UIApplicationSceneManifest_Generation = YES;
				INFOPLIST_KEY_UIApplicationSupportsIndirectInputEvents = YES;
				INFOPLIST_KEY_UILaunchScreen_Generation = YES;
				INFOPLIST_KEY_UISupportedInterfaceOrientations_iPad = "UIInterfaceOrientationPortrait UIInterfaceOrientationPortraitUpsideDown UIInterfaceOrientationLandscapeLeft UIInterfaceOrientationLandscapeRight";
				INFOPLIST_KEY_UISupportedInterfaceOrientations_iPhone = "UIInterfaceOrientationPortrait UIInterfaceOrientationLandscapeLeft UIInterfaceOrientationLandscapeRight";
				LD_RUNPATH_SEARCH_PATHS = (
					"$(inherited)",
					"@executable_path/Frameworks",
				);
				MARKETING_VERSION = 1.0;
				PRODUCT_BUNDLE_IDENTIFIER = com.metinguler.RedditExplorer;
				PRODUCT_NAME = "$(TARGET_NAME)";
				SWIFT_EMIT_LOC_STRINGS = YES;
				SWIFT_VERSION = 5.0;
				TARGETED_DEVICE_FAMILY = "1,2";
			};
			name = Debug;
		};
		63EBEEF027E6486C00DB018D /* Release */ = {
			isa = XCBuildConfiguration;
			buildSettings = {
				ASSETCATALOG_COMPILER_APPICON_NAME = AppIcon;
				ASSETCATALOG_COMPILER_GLOBAL_ACCENT_COLOR_NAME = AccentColor;
				CODE_SIGN_STYLE = Automatic;
				CURRENT_PROJECT_VERSION = 1;
				DEVELOPMENT_ASSET_PATHS = "\"RedditExplorer/Preview Content\"";
				DEVELOPMENT_TEAM = G935RBQ4K6;
				ENABLE_PREVIEWS = YES;
				GENERATE_INFOPLIST_FILE = YES;
				INFOPLIST_KEY_UIApplicationSceneManifest_Generation = YES;
				INFOPLIST_KEY_UIApplicationSupportsIndirectInputEvents = YES;
				INFOPLIST_KEY_UILaunchScreen_Generation = YES;
				INFOPLIST_KEY_UISupportedInterfaceOrientations_iPad = "UIInterfaceOrientationPortrait UIInterfaceOrientationPortraitUpsideDown UIInterfaceOrientationLandscapeLeft UIInterfaceOrientationLandscapeRight";
				INFOPLIST_KEY_UISupportedInterfaceOrientations_iPhone = "UIInterfaceOrientationPortrait UIInterfaceOrientationLandscapeLeft UIInterfaceOrientationLandscapeRight";
				LD_RUNPATH_SEARCH_PATHS = (
					"$(inherited)",
					"@executable_path/Frameworks",
				);
				MARKETING_VERSION = 1.0;
				PRODUCT_BUNDLE_IDENTIFIER = com.metinguler.RedditExplorer;
				PRODUCT_NAME = "$(TARGET_NAME)";
				SWIFT_EMIT_LOC_STRINGS = YES;
				SWIFT_VERSION = 5.0;
				TARGETED_DEVICE_FAMILY = "1,2";
			};
			name = Release;
		};
		63EBEEF227E6486C00DB018D /* Debug */ = {
			isa = XCBuildConfiguration;
			buildSettings = {
				ALWAYS_EMBED_SWIFT_STANDARD_LIBRARIES = YES;
				BUNDLE_LOADER = "$(TEST_HOST)";
				CODE_SIGN_STYLE = Automatic;
				CURRENT_PROJECT_VERSION = 1;
				DEVELOPMENT_TEAM = G935RBQ4K6;
				GENERATE_INFOPLIST_FILE = YES;
				IPHONEOS_DEPLOYMENT_TARGET = 15.0;
				LD_RUNPATH_SEARCH_PATHS = (
					"$(inherited)",
					"@executable_path/Frameworks",
					"@loader_path/Frameworks",
				);
				MARKETING_VERSION = 1.0;
				PRODUCT_BUNDLE_IDENTIFIER = com.metinguler.RedditExplorerTests;
				PRODUCT_NAME = "$(TARGET_NAME)";
				SWIFT_EMIT_LOC_STRINGS = NO;
				SWIFT_VERSION = 5.0;
				TARGETED_DEVICE_FAMILY = "1,2";
				TEST_HOST = "$(BUILT_PRODUCTS_DIR)/RedditExplorer.app/RedditExplorer";
			};
			name = Debug;
		};
		63EBEEF327E6486C00DB018D /* Release */ = {
			isa = XCBuildConfiguration;
			buildSettings = {
				ALWAYS_EMBED_SWIFT_STANDARD_LIBRARIES = YES;
				BUNDLE_LOADER = "$(TEST_HOST)";
				CODE_SIGN_STYLE = Automatic;
				CURRENT_PROJECT_VERSION = 1;
				DEVELOPMENT_TEAM = G935RBQ4K6;
				GENERATE_INFOPLIST_FILE = YES;
				IPHONEOS_DEPLOYMENT_TARGET = 15.0;
				LD_RUNPATH_SEARCH_PATHS = (
					"$(inherited)",
					"@executable_path/Frameworks",
					"@loader_path/Frameworks",
				);
				MARKETING_VERSION = 1.0;
				PRODUCT_BUNDLE_IDENTIFIER = com.metinguler.RedditExplorerTests;
				PRODUCT_NAME = "$(TARGET_NAME)";
				SWIFT_EMIT_LOC_STRINGS = NO;
				SWIFT_VERSION = 5.0;
				TARGETED_DEVICE_FAMILY = "1,2";
				TEST_HOST = "$(BUILT_PRODUCTS_DIR)/RedditExplorer.app/RedditExplorer";
			};
			name = Release;
		};
/* End XCBuildConfiguration section */

/* Begin XCConfigurationList section */
		63EBEEC527E6486900DB018D /* Build configuration list for PBXProject "RedditExplorer" */ = {
			isa = XCConfigurationList;
			buildConfigurations = (
				63EBEEEC27E6486C00DB018D /* Debug */,
				63EBEEED27E6486C00DB018D /* Release */,
			);
			defaultConfigurationIsVisible = 0;
			defaultConfigurationName = Release;
		};
		63EBEEEE27E6486C00DB018D /* Build configuration list for PBXNativeTarget "RedditExplorer" */ = {
			isa = XCConfigurationList;
			buildConfigurations = (
				63EBEEEF27E6486C00DB018D /* Debug */,
				63EBEEF027E6486C00DB018D /* Release */,
			);
			defaultConfigurationIsVisible = 0;
			defaultConfigurationName = Release;
		};
		63EBEEF127E6486C00DB018D /* Build configuration list for PBXNativeTarget "RedditExplorerTests" */ = {
			isa = XCConfigurationList;
			buildConfigurations = (
				63EBEEF227E6486C00DB018D /* Debug */,
				63EBEEF327E6486C00DB018D /* Release */,
			);
			defaultConfigurationIsVisible = 0;
			defaultConfigurationName = Release;
		};
/* End XCConfigurationList section */

/* Begin XCRemoteSwiftPackageReference section */
		63E1D198281ECA4E006177B8 /* XCRemoteSwiftPackageReference "swiftui-cached-async-image" */ = {
			isa = XCRemoteSwiftPackageReference;
			repositoryURL = "https://github.com/lorenzofiamingo/swiftui-cached-async-image";
			requirement = {
				kind = upToNextMajorVersion;
				minimumVersion = 2.0.0;
			};
		};
/* End XCRemoteSwiftPackageReference section */

/* Begin XCSwiftPackageProductDependency section */
		63E1D199281ECA4E006177B8 /* CachedAsyncImage */ = {
			isa = XCSwiftPackageProductDependency;
			package = 63E1D198281ECA4E006177B8 /* XCRemoteSwiftPackageReference "swiftui-cached-async-image" */;
			productName = CachedAsyncImage;
		};
/* End XCSwiftPackageProductDependency section */
	};
	rootObject = 63EBEEC227E6486900DB018D /* Project object */;
}
